
Microsoft Visual Studio Solution File, Format Version 12.00
# Visual Studio Version 16
VisualStudioVersion = 16.0.28803.202
MinimumVisualStudioVersion = 10.0.40219.1
Project("{FAE04EC0-301F-11D3-BF4B-00C04F79EFBC}") = "BleckAndWhite", "BleckAndWhite\BleckAndWhite.csproj", "{0D2E464C-2778-4FFC-AB48-7DE5D7C42328}"
EndProject
Global
	GlobalSection(SolutionConfigurationPlatforms) = preSolution
		Debug|Any CPU = Debug|Any CPU
		Release|Any CPU = Release|Any CPU
	EndGlobalSection
	GlobalSection(ProjectConfigurationPlatforms) = postSolution
		{0D2E464C-2778-4FFC-AB48-7DE5D7C42328}.Debug|Any CPU.ActiveCfg = Debug|Any CPU
		{0D2E464C-2778-4FFC-AB48-7DE5D7C42328}.Debug|Any CPU.Build.0 = Debug|Any CPU
		{0D2E464C-2778-4FFC-AB48-7DE5D7C42328}.Release|Any CPU.ActiveCfg = Release|Any CPU
		{0D2E464C-2778-4FFC-AB48-7DE5D7C42328}.Release|Any CPU.Build.0 = Release|Any CPU
	EndGlobalSection
	GlobalSection(SolutionProperties) = preSolution
		HideSolutionNode = FALSE
	EndGlobalSection
	GlobalSection(ExtensibilityGlobals) = postSolution
		SolutionGuid = {2477F595-3A8D-4D84-9DC5-02B4998DCDA3}
	EndGlobalSection
EndGlobal
